
Microsoft Visual Studio Solution File, Format Version 12.00
# Visual Studio Version 17
VisualStudioVersion = 17.7.34031.279
MinimumVisualStudioVersion = 10.0.40219.1
Project("{FAE04EC0-301F-11D3-BF4B-00C04F79EFBC}") = "AmitalBE", "AmitalBE.csproj", "{8FE87B22-336F-404D-9237-FD1A0E91390C}"
EndProject
Global
	GlobalSection(SolutionConfigurationPlatforms) = preSolution
		Debug|Any CPU = Debug|Any CPU
		Release|Any CPU = Release|Any CPU
	EndGlobalSection
	GlobalSection(ProjectConfigurationPlatforms) = postSolution
		{8FE87B22-336F-404D-9237-FD1A0E91390C}.Debug|Any CPU.ActiveCfg = Debug|Any CPU
		{8FE87B22-336F-404D-9237-FD1A0E91390C}.Debug|Any CPU.Build.0 = Debug|Any CPU
		{8FE87B22-336F-404D-9237-FD1A0E91390C}.Release|Any CPU.ActiveCfg = Release|Any CPU
		{8FE87B22-336F-404D-9237-FD1A0E91390C}.Release|Any CPU.Build.0 = Release|Any CPU
	EndGlobalSection
	GlobalSection(SolutionProperties) = preSolution
		HideSolutionNode = FALSE
	EndGlobalSection
	GlobalSection(ExtensibilityGlobals) = postSolution
		SolutionGuid = {EA5D03AE-EC3A-4005-A135-219BA6E1C723}
	EndGlobalSection
EndGlobal
